
Microsoft Visual Studio Solution File, Format Version 12.00
# Visual Studio Version 16
VisualStudioVersion = 16.0.31729.503
MinimumVisualStudioVersion = 10.0.40219.1
Project("{9A19103F-16F7-4668-BE54-9A1E7A4F7556}") = "ManagedCode.Storage.Core", "ManagedCode.Storage.Core\ManagedCode.Storage.Core.csproj", "{1B494908-A80A-4EEE-97A7-ABDEAC3EC64F}"
EndProject
Project("{9A19103F-16F7-4668-BE54-9A1E7A4F7556}") = "ManagedCode.Storage.Azure", "ManagedCode.Storage.Azure\ManagedCode.Storage.Azure.csproj", "{0D6304D1-911D-489E-A716-6CBD5D0FE05D}"
EndProject
Project("{9A19103F-16F7-4668-BE54-9A1E7A4F7556}") = "ManagedCode.Storage.Tests", "ManagedCode.Storage.Tests\ManagedCode.Storage.Tests.csproj", "{F9DA9E52-2DDF-40E3-B0A4-4EC7B118FE8F}"
EndProject
Project("{9A19103F-16F7-4668-BE54-9A1E7A4F7556}") = "ManagedCode.Storage.Aws", "ManagedCode.Storage.Aws\ManagedCode.Storage.Aws.csproj", "{0AFE156D-0DA5-4B23-8262-CA98E4C0FB5F}"
EndProject
Project("{9A19103F-16F7-4668-BE54-9A1E7A4F7556}") = "ManagedCode.Storage.Gcp", "ManagedCode.Storage.Gcp\ManagedCode.Storage.Gcp.csproj", "{C3B4FF9C-1C6A-4EA0-9291-E7E0C0EF2BA3}"
EndProject
Project("{FAE04EC0-301F-11D3-BF4B-00C04F79EFBC}") = "ManagedCode.Storage.FileSystem", "ManagedCode.Storage.FileSystem\ManagedCode.Storage.FileSystem.csproj", "{EDFA1CB7-1721-4447-9C25-AE110821717C}"
EndProject
Project("{FAE04EC0-301F-11D3-BF4B-00C04F79EFBC}") = "ManagedCode.Storage.AspNetExtensions", "ManagedCode.Storage.AspNetExtensions\ManagedCode.Storage.AspNetExtensions.csproj", "{852B0DBD-37F0-4DC0-B966-C284AE03C2F5}"
EndProject
Project("{2150E333-8FDC-42A3-9474-1A3956D46DE8}") = "Samples", "Samples", "{C812D2D8-1854-4043-94A9-4AA32D606D68}"
EndProject
Project("{FAE04EC0-301F-11D3-BF4B-00C04F79EFBC}") = "WebApiSample", "Samples\WebApiSample\WebApiSample.csproj", "{39E5D805-04B4-442B-9B64-116A96041A93}"
EndProject
Project("{FAE04EC0-301F-11D3-BF4B-00C04F79EFBC}") = "ManagedCode.Storage.AzureDataLake", "ManagedCode.Storage.AzureDataLake\ManagedCode.Storage.AzureDataLake.csproj", "{4D4D2AC7-923D-4219-9BC9-341FBA7FE690}"
EndProject
Global
	GlobalSection(SolutionConfigurationPlatforms) = preSolution
		Debug|Any CPU = Debug|Any CPU
		Release|Any CPU = Release|Any CPU
	EndGlobalSection
	GlobalSection(ProjectConfigurationPlatforms) = postSolution
		{1B494908-A80A-4EEE-97A7-ABDEAC3EC64F}.Debug|Any CPU.ActiveCfg = Debug|Any CPU
		{1B494908-A80A-4EEE-97A7-ABDEAC3EC64F}.Debug|Any CPU.Build.0 = Debug|Any CPU
		{1B494908-A80A-4EEE-97A7-ABDEAC3EC64F}.Release|Any CPU.ActiveCfg = Release|Any CPU
		{1B494908-A80A-4EEE-97A7-ABDEAC3EC64F}.Release|Any CPU.Build.0 = Release|Any CPU
		{0D6304D1-911D-489E-A716-6CBD5D0FE05D}.Debug|Any CPU.ActiveCfg = Debug|Any CPU
		{0D6304D1-911D-489E-A716-6CBD5D0FE05D}.Debug|Any CPU.Build.0 = Debug|Any CPU
		{0D6304D1-911D-489E-A716-6CBD5D0FE05D}.Release|Any CPU.ActiveCfg = Release|Any CPU
		{0D6304D1-911D-489E-A716-6CBD5D0FE05D}.Release|Any CPU.Build.0 = Release|Any CPU
		{F9DA9E52-2DDF-40E3-B0A4-4EC7B118FE8F}.Debug|Any CPU.ActiveCfg = Debug|Any CPU
		{F9DA9E52-2DDF-40E3-B0A4-4EC7B118FE8F}.Debug|Any CPU.Build.0 = Debug|Any CPU
		{F9DA9E52-2DDF-40E3-B0A4-4EC7B118FE8F}.Release|Any CPU.ActiveCfg = Release|Any CPU
		{F9DA9E52-2DDF-40E3-B0A4-4EC7B118FE8F}.Release|Any CPU.Build.0 = Release|Any CPU
		{0AFE156D-0DA5-4B23-8262-CA98E4C0FB5F}.Debug|Any CPU.ActiveCfg = Debug|Any CPU
		{0AFE156D-0DA5-4B23-8262-CA98E4C0FB5F}.Debug|Any CPU.Build.0 = Debug|Any CPU
		{0AFE156D-0DA5-4B23-8262-CA98E4C0FB5F}.Release|Any CPU.ActiveCfg = Release|Any CPU
		{0AFE156D-0DA5-4B23-8262-CA98E4C0FB5F}.Release|Any CPU.Build.0 = Release|Any CPU
		{C3B4FF9C-1C6A-4EA0-9291-E7E0C0EF2BA3}.Debug|Any CPU.ActiveCfg = Debug|Any CPU
		{C3B4FF9C-1C6A-4EA0-9291-E7E0C0EF2BA3}.Debug|Any CPU.Build.0 = Debug|Any CPU
		{C3B4FF9C-1C6A-4EA0-9291-E7E0C0EF2BA3}.Release|Any CPU.ActiveCfg = Release|Any CPU
		{C3B4FF9C-1C6A-4EA0-9291-E7E0C0EF2BA3}.Release|Any CPU.Build.0 = Release|Any CPU
		{EDFA1CB7-1721-4447-9C25-AE110821717C}.Debug|Any CPU.ActiveCfg = Debug|Any CPU
		{EDFA1CB7-1721-4447-9C25-AE110821717C}.Debug|Any CPU.Build.0 = Debug|Any CPU
		{EDFA1CB7-1721-4447-9C25-AE110821717C}.Release|Any CPU.ActiveCfg = Release|Any CPU
		{EDFA1CB7-1721-4447-9C25-AE110821717C}.Release|Any CPU.Build.0 = Release|Any CPU
		{852B0DBD-37F0-4DC0-B966-C284AE03C2F5}.Debug|Any CPU.ActiveCfg = Debug|Any CPU
		{852B0DBD-37F0-4DC0-B966-C284AE03C2F5}.Debug|Any CPU.Build.0 = Debug|Any CPU
		{852B0DBD-37F0-4DC0-B966-C284AE03C2F5}.Release|Any CPU.ActiveCfg = Release|Any CPU
		{852B0DBD-37F0-4DC0-B966-C284AE03C2F5}.Release|Any CPU.Build.0 = Release|Any CPU
		{39E5D805-04B4-442B-9B64-116A96041A93}.Debug|Any CPU.ActiveCfg = Debug|Any CPU
		{39E5D805-04B4-442B-9B64-116A96041A93}.Debug|Any CPU.Build.0 = Debug|Any CPU
		{39E5D805-04B4-442B-9B64-116A96041A93}.Release|Any CPU.ActiveCfg = Release|Any CPU
		{39E5D805-04B4-442B-9B64-116A96041A93}.Release|Any CPU.Build.0 = Release|Any CPU
		{4D4D2AC7-923D-4219-9BC9-341FBA7FE690}.Debug|Any CPU.ActiveCfg = Debug|Any CPU
		{4D4D2AC7-923D-4219-9BC9-341FBA7FE690}.Debug|Any CPU.Build.0 = Debug|Any CPU
		{4D4D2AC7-923D-4219-9BC9-341FBA7FE690}.Release|Any CPU.ActiveCfg = Release|Any CPU
		{4D4D2AC7-923D-4219-9BC9-341FBA7FE690}.Release|Any CPU.Build.0 = Release|Any CPU
	EndGlobalSection
	GlobalSection(SolutionProperties) = preSolution
		HideSolutionNode = FALSE
	EndGlobalSection
	GlobalSection(ExtensibilityGlobals) = postSolution
		SolutionGuid = {A594F814-80A8-49D2-B751-B3A58869B30D}
	EndGlobalSection
	GlobalSection(NestedProjects) = preSolution
		{39E5D805-04B4-442B-9B64-116A96041A93} = {C812D2D8-1854-4043-94A9-4AA32D606D68}
	EndGlobalSection
EndGlobal
