
Microsoft Visual Studio Solution File, Format Version 12.00
# Visual Studio Version 16
VisualStudioVersion = 16.0.31729.503
MinimumVisualStudioVersion = 10.0.40219.1
Project("{9A19103F-16F7-4668-BE54-9A1E7A4F7556}") = "ManagedCode.Storage.Core", "ManagedCode.Storage.Core\ManagedCode.Storage.Core.csproj", "{1B494908-A80A-4EEE-97A7-ABDEAC3EC64F}"
EndProject
Project("{9A19103F-16F7-4668-BE54-9A1E7A4F7556}") = "ManagedCode.Storage.Azure", "Storages\ManagedCode.Storage.Azure\ManagedCode.Storage.Azure.csproj", "{0D6304D1-911D-489E-A716-6CBD5D0FE05D}"
EndProject
Project("{9A19103F-16F7-4668-BE54-9A1E7A4F7556}") = "ManagedCode.Storage.Tests", "Tests\ManagedCode.Storage.Tests\ManagedCode.Storage.Tests.csproj", "{F9DA9E52-2DDF-40E3-B0A4-4EC7B118FE8F}"
EndProject
Project("{9A19103F-16F7-4668-BE54-9A1E7A4F7556}") = "ManagedCode.Storage.Aws", "Storages\ManagedCode.Storage.Aws\ManagedCode.Storage.Aws.csproj", "{0AFE156D-0DA5-4B23-8262-CA98E4C0FB5F}"
EndProject
Project("{9A19103F-16F7-4668-BE54-9A1E7A4F7556}") = "ManagedCode.Storage.Google", "Storages\ManagedCode.Storage.Google\ManagedCode.Storage.Google.csproj", "{C3B4FF9C-1C6A-4EA0-9291-E7E0C0EF2BA3}"
EndProject
Project("{FAE04EC0-301F-11D3-BF4B-00C04F79EFBC}") = "ManagedCode.Storage.FileSystem", "Storages\ManagedCode.Storage.FileSystem\ManagedCode.Storage.FileSystem.csproj", "{EDFA1CB7-1721-4447-9C25-AE110821717C}"
EndProject
Project("{FAE04EC0-301F-11D3-BF4B-00C04F79EFBC}") = "ManagedCode.Storage.Server", "Integraions\ManagedCode.Storage.Server\ManagedCode.Storage.Server.csproj", "{852B0DBD-37F0-4DC0-B966-C284AE03C2F5}"
EndProject
Project("{FAE04EC0-301F-11D3-BF4B-00C04F79EFBC}") = "ManagedCode.Storage.Azure.DataLake", "Storages\ManagedCode.Storage.Azure.DataLake\ManagedCode.Storage.Azure.DataLake.csproj", "{4D4D2AC7-923D-4219-9BC9-341FBA7FE690}"
EndProject
Project("{FAE04EC0-301F-11D3-BF4B-00C04F79EFBC}") = "ManagedCode.Storage.TestFakes", "ManagedCode.Storage.TestFakes\ManagedCode.Storage.TestFakes.csproj", "{7190B548-4BE9-4EF6-B55F-8432757AEAD5}"
EndProject
Project("{2150E333-8FDC-42A3-9474-1A3956D46DE8}") = "Storages", "Storages", "{92201402-E361-440F-95DB-68663D228C2D}"
EndProject
Project("{2150E333-8FDC-42A3-9474-1A3956D46DE8}") = "Integraions", "Integraions", "{94DB7354-F5C7-4347-B9EC-FCCA38B86876}"
EndProject
Project("{FAE04EC0-301F-11D3-BF4B-00C04F79EFBC}") = "ManagedCode.Storage.Client", "Integraions\ManagedCode.Storage.Client\ManagedCode.Storage.Client.csproj", "{D5A7D3A7-E6E8-4153-911D-D7C0C5C8B19C}"
EndProject
Project("{FAE04EC0-301F-11D3-BF4B-00C04F79EFBC}") = "ManagedCode.Storage.Client.SignalR", "Integraions\ManagedCode.Storage.Client.SignalR\ManagedCode.Storage.Client.SignalR.csproj", "{ED216AAD-CBA2-40F2-AA01-63C60E906632}"
EndProject
Project("{2150E333-8FDC-42A3-9474-1A3956D46DE8}") = "Tests", "Tests", "{E609A83E-6400-42B0-AD5A-5B006EABC275}"
EndProject
Project("{FAE04EC0-301F-11D3-BF4B-00C04F79EFBC}") = "ManagedCode.Storage.VirtualFileSystem", "ManagedCode.Storage.VirtualFileSystem\ManagedCode.Storage.VirtualFileSystem.csproj", "{C57B07B3-B28F-4ABD-AFA9-F3D70B174100}"
EndProject
Global
	GlobalSection(SolutionConfigurationPlatforms) = preSolution
		Debug|Any CPU = Debug|Any CPU
		Debug|x64 = Debug|x64
		Debug|x86 = Debug|x86
		Release|Any CPU = Release|Any CPU
		Release|x64 = Release|x64
		Release|x86 = Release|x86
	EndGlobalSection
	GlobalSection(ProjectConfigurationPlatforms) = postSolution
		{1B494908-A80A-4EEE-97A7-ABDEAC3EC64F}.Debug|Any CPU.ActiveCfg = Debug|Any CPU
		{1B494908-A80A-4EEE-97A7-ABDEAC3EC64F}.Debug|Any CPU.Build.0 = Debug|Any CPU
		{1B494908-A80A-4EEE-97A7-ABDEAC3EC64F}.Debug|x64.ActiveCfg = Debug|Any CPU
		{1B494908-A80A-4EEE-97A7-ABDEAC3EC64F}.Debug|x64.Build.0 = Debug|Any CPU
		{1B494908-A80A-4EEE-97A7-ABDEAC3EC64F}.Debug|x86.ActiveCfg = Debug|Any CPU
		{1B494908-A80A-4EEE-97A7-ABDEAC3EC64F}.Debug|x86.Build.0 = Debug|Any CPU
		{1B494908-A80A-4EEE-97A7-ABDEAC3EC64F}.Release|Any CPU.ActiveCfg = Release|Any CPU
		{1B494908-A80A-4EEE-97A7-ABDEAC3EC64F}.Release|Any CPU.Build.0 = Release|Any CPU
		{1B494908-A80A-4EEE-97A7-ABDEAC3EC64F}.Release|x64.ActiveCfg = Release|Any CPU
		{1B494908-A80A-4EEE-97A7-ABDEAC3EC64F}.Release|x64.Build.0 = Release|Any CPU
		{1B494908-A80A-4EEE-97A7-ABDEAC3EC64F}.Release|x86.ActiveCfg = Release|Any CPU
		{1B494908-A80A-4EEE-97A7-ABDEAC3EC64F}.Release|x86.Build.0 = Release|Any CPU
		{0D6304D1-911D-489E-A716-6CBD5D0FE05D}.Debug|Any CPU.ActiveCfg = Debug|Any CPU
		{0D6304D1-911D-489E-A716-6CBD5D0FE05D}.Debug|Any CPU.Build.0 = Debug|Any CPU
		{0D6304D1-911D-489E-A716-6CBD5D0FE05D}.Debug|x64.ActiveCfg = Debug|Any CPU
		{0D6304D1-911D-489E-A716-6CBD5D0FE05D}.Debug|x64.Build.0 = Debug|Any CPU
		{0D6304D1-911D-489E-A716-6CBD5D0FE05D}.Debug|x86.ActiveCfg = Debug|Any CPU
		{0D6304D1-911D-489E-A716-6CBD5D0FE05D}.Debug|x86.Build.0 = Debug|Any CPU
		{0D6304D1-911D-489E-A716-6CBD5D0FE05D}.Release|Any CPU.ActiveCfg = Release|Any CPU
		{0D6304D1-911D-489E-A716-6CBD5D0FE05D}.Release|Any CPU.Build.0 = Release|Any CPU
		{0D6304D1-911D-489E-A716-6CBD5D0FE05D}.Release|x64.ActiveCfg = Release|Any CPU
		{0D6304D1-911D-489E-A716-6CBD5D0FE05D}.Release|x64.Build.0 = Release|Any CPU
		{0D6304D1-911D-489E-A716-6CBD5D0FE05D}.Release|x86.ActiveCfg = Release|Any CPU
		{0D6304D1-911D-489E-A716-6CBD5D0FE05D}.Release|x86.Build.0 = Release|Any CPU
		{F9DA9E52-2DDF-40E3-B0A4-4EC7B118FE8F}.Debug|Any CPU.ActiveCfg = Debug|Any CPU
		{F9DA9E52-2DDF-40E3-B0A4-4EC7B118FE8F}.Debug|Any CPU.Build.0 = Debug|Any CPU
		{F9DA9E52-2DDF-40E3-B0A4-4EC7B118FE8F}.Debug|x64.ActiveCfg = Debug|Any CPU
		{F9DA9E52-2DDF-40E3-B0A4-4EC7B118FE8F}.Debug|x64.Build.0 = Debug|Any CPU
		{F9DA9E52-2DDF-40E3-B0A4-4EC7B118FE8F}.Debug|x86.ActiveCfg = Debug|Any CPU
		{F9DA9E52-2DDF-40E3-B0A4-4EC7B118FE8F}.Debug|x86.Build.0 = Debug|Any CPU
		{F9DA9E52-2DDF-40E3-B0A4-4EC7B118FE8F}.Release|Any CPU.ActiveCfg = Release|Any CPU
		{F9DA9E52-2DDF-40E3-B0A4-4EC7B118FE8F}.Release|Any CPU.Build.0 = Release|Any CPU
		{F9DA9E52-2DDF-40E3-B0A4-4EC7B118FE8F}.Release|x64.ActiveCfg = Release|Any CPU
		{F9DA9E52-2DDF-40E3-B0A4-4EC7B118FE8F}.Release|x64.Build.0 = Release|Any CPU
		{F9DA9E52-2DDF-40E3-B0A4-4EC7B118FE8F}.Release|x86.ActiveCfg = Release|Any CPU
		{F9DA9E52-2DDF-40E3-B0A4-4EC7B118FE8F}.Release|x86.Build.0 = Release|Any CPU
		{0AFE156D-0DA5-4B23-8262-CA98E4C0FB5F}.Debug|Any CPU.ActiveCfg = Debug|Any CPU
		{0AFE156D-0DA5-4B23-8262-CA98E4C0FB5F}.Debug|Any CPU.Build.0 = Debug|Any CPU
		{0AFE156D-0DA5-4B23-8262-CA98E4C0FB5F}.Debug|x64.ActiveCfg = Debug|Any CPU
		{0AFE156D-0DA5-4B23-8262-CA98E4C0FB5F}.Debug|x64.Build.0 = Debug|Any CPU
		{0AFE156D-0DA5-4B23-8262-CA98E4C0FB5F}.Debug|x86.ActiveCfg = Debug|Any CPU
		{0AFE156D-0DA5-4B23-8262-CA98E4C0FB5F}.Debug|x86.Build.0 = Debug|Any CPU
		{0AFE156D-0DA5-4B23-8262-CA98E4C0FB5F}.Release|Any CPU.ActiveCfg = Release|Any CPU
		{0AFE156D-0DA5-4B23-8262-CA98E4C0FB5F}.Release|Any CPU.Build.0 = Release|Any CPU
		{0AFE156D-0DA5-4B23-8262-CA98E4C0FB5F}.Release|x64.ActiveCfg = Release|Any CPU
		{0AFE156D-0DA5-4B23-8262-CA98E4C0FB5F}.Release|x64.Build.0 = Release|Any CPU
		{0AFE156D-0DA5-4B23-8262-CA98E4C0FB5F}.Release|x86.ActiveCfg = Release|Any CPU
		{0AFE156D-0DA5-4B23-8262-CA98E4C0FB5F}.Release|x86.Build.0 = Release|Any CPU
		{C3B4FF9C-1C6A-4EA0-9291-E7E0C0EF2BA3}.Debug|Any CPU.ActiveCfg = Debug|Any CPU
		{C3B4FF9C-1C6A-4EA0-9291-E7E0C0EF2BA3}.Debug|Any CPU.Build.0 = Debug|Any CPU
		{C3B4FF9C-1C6A-4EA0-9291-E7E0C0EF2BA3}.Debug|x64.ActiveCfg = Debug|Any CPU
		{C3B4FF9C-1C6A-4EA0-9291-E7E0C0EF2BA3}.Debug|x64.Build.0 = Debug|Any CPU
		{C3B4FF9C-1C6A-4EA0-9291-E7E0C0EF2BA3}.Debug|x86.ActiveCfg = Debug|Any CPU
		{C3B4FF9C-1C6A-4EA0-9291-E7E0C0EF2BA3}.Debug|x86.Build.0 = Debug|Any CPU
		{C3B4FF9C-1C6A-4EA0-9291-E7E0C0EF2BA3}.Release|Any CPU.ActiveCfg = Release|Any CPU
		{C3B4FF9C-1C6A-4EA0-9291-E7E0C0EF2BA3}.Release|Any CPU.Build.0 = Release|Any CPU
		{C3B4FF9C-1C6A-4EA0-9291-E7E0C0EF2BA3}.Release|x64.ActiveCfg = Release|Any CPU
		{C3B4FF9C-1C6A-4EA0-9291-E7E0C0EF2BA3}.Release|x64.Build.0 = Release|Any CPU
		{C3B4FF9C-1C6A-4EA0-9291-E7E0C0EF2BA3}.Release|x86.ActiveCfg = Release|Any CPU
		{C3B4FF9C-1C6A-4EA0-9291-E7E0C0EF2BA3}.Release|x86.Build.0 = Release|Any CPU
		{EDFA1CB7-1721-4447-9C25-AE110821717C}.Debug|Any CPU.ActiveCfg = Debug|Any CPU
		{EDFA1CB7-1721-4447-9C25-AE110821717C}.Debug|Any CPU.Build.0 = Debug|Any CPU
		{EDFA1CB7-1721-4447-9C25-AE110821717C}.Debug|x64.ActiveCfg = Debug|Any CPU
		{EDFA1CB7-1721-4447-9C25-AE110821717C}.Debug|x64.Build.0 = Debug|Any CPU
		{EDFA1CB7-1721-4447-9C25-AE110821717C}.Debug|x86.ActiveCfg = Debug|Any CPU
		{EDFA1CB7-1721-4447-9C25-AE110821717C}.Debug|x86.Build.0 = Debug|Any CPU
		{EDFA1CB7-1721-4447-9C25-AE110821717C}.Release|Any CPU.ActiveCfg = Release|Any CPU
		{EDFA1CB7-1721-4447-9C25-AE110821717C}.Release|Any CPU.Build.0 = Release|Any CPU
		{EDFA1CB7-1721-4447-9C25-AE110821717C}.Release|x64.ActiveCfg = Release|Any CPU
		{EDFA1CB7-1721-4447-9C25-AE110821717C}.Release|x64.Build.0 = Release|Any CPU
		{EDFA1CB7-1721-4447-9C25-AE110821717C}.Release|x86.ActiveCfg = Release|Any CPU
		{EDFA1CB7-1721-4447-9C25-AE110821717C}.Release|x86.Build.0 = Release|Any CPU
		{852B0DBD-37F0-4DC0-B966-C284AE03C2F5}.Debug|Any CPU.ActiveCfg = Debug|Any CPU
		{852B0DBD-37F0-4DC0-B966-C284AE03C2F5}.Debug|Any CPU.Build.0 = Debug|Any CPU
		{852B0DBD-37F0-4DC0-B966-C284AE03C2F5}.Debug|x64.ActiveCfg = Debug|Any CPU
		{852B0DBD-37F0-4DC0-B966-C284AE03C2F5}.Debug|x64.Build.0 = Debug|Any CPU
		{852B0DBD-37F0-4DC0-B966-C284AE03C2F5}.Debug|x86.ActiveCfg = Debug|Any CPU
		{852B0DBD-37F0-4DC0-B966-C284AE03C2F5}.Debug|x86.Build.0 = Debug|Any CPU
		{852B0DBD-37F0-4DC0-B966-C284AE03C2F5}.Release|Any CPU.ActiveCfg = Release|Any CPU
		{852B0DBD-37F0-4DC0-B966-C284AE03C2F5}.Release|Any CPU.Build.0 = Release|Any CPU
		{852B0DBD-37F0-4DC0-B966-C284AE03C2F5}.Release|x64.ActiveCfg = Release|Any CPU
		{852B0DBD-37F0-4DC0-B966-C284AE03C2F5}.Release|x64.Build.0 = Release|Any CPU
		{852B0DBD-37F0-4DC0-B966-C284AE03C2F5}.Release|x86.ActiveCfg = Release|Any CPU
		{852B0DBD-37F0-4DC0-B966-C284AE03C2F5}.Release|x86.Build.0 = Release|Any CPU
		{4D4D2AC7-923D-4219-9BC9-341FBA7FE690}.Debug|Any CPU.ActiveCfg = Debug|Any CPU
		{4D4D2AC7-923D-4219-9BC9-341FBA7FE690}.Debug|Any CPU.Build.0 = Debug|Any CPU
		{4D4D2AC7-923D-4219-9BC9-341FBA7FE690}.Debug|x64.ActiveCfg = Debug|Any CPU
		{4D4D2AC7-923D-4219-9BC9-341FBA7FE690}.Debug|x64.Build.0 = Debug|Any CPU
		{4D4D2AC7-923D-4219-9BC9-341FBA7FE690}.Debug|x86.ActiveCfg = Debug|Any CPU
		{4D4D2AC7-923D-4219-9BC9-341FBA7FE690}.Debug|x86.Build.0 = Debug|Any CPU
		{4D4D2AC7-923D-4219-9BC9-341FBA7FE690}.Release|Any CPU.ActiveCfg = Release|Any CPU
		{4D4D2AC7-923D-4219-9BC9-341FBA7FE690}.Release|Any CPU.Build.0 = Release|Any CPU
		{4D4D2AC7-923D-4219-9BC9-341FBA7FE690}.Release|x64.ActiveCfg = Release|Any CPU
		{4D4D2AC7-923D-4219-9BC9-341FBA7FE690}.Release|x64.Build.0 = Release|Any CPU
		{4D4D2AC7-923D-4219-9BC9-341FBA7FE690}.Release|x86.ActiveCfg = Release|Any CPU
		{4D4D2AC7-923D-4219-9BC9-341FBA7FE690}.Release|x86.Build.0 = Release|Any CPU
		{7190B548-4BE9-4EF6-B55F-8432757AEAD5}.Debug|Any CPU.ActiveCfg = Debug|Any CPU
		{7190B548-4BE9-4EF6-B55F-8432757AEAD5}.Debug|Any CPU.Build.0 = Debug|Any CPU
		{7190B548-4BE9-4EF6-B55F-8432757AEAD5}.Debug|x64.ActiveCfg = Debug|Any CPU
		{7190B548-4BE9-4EF6-B55F-8432757AEAD5}.Debug|x64.Build.0 = Debug|Any CPU
		{7190B548-4BE9-4EF6-B55F-8432757AEAD5}.Debug|x86.ActiveCfg = Debug|Any CPU
		{7190B548-4BE9-4EF6-B55F-8432757AEAD5}.Debug|x86.Build.0 = Debug|Any CPU
		{7190B548-4BE9-4EF6-B55F-8432757AEAD5}.Release|Any CPU.ActiveCfg = Release|Any CPU
		{7190B548-4BE9-4EF6-B55F-8432757AEAD5}.Release|Any CPU.Build.0 = Release|Any CPU
		{7190B548-4BE9-4EF6-B55F-8432757AEAD5}.Release|x64.ActiveCfg = Release|Any CPU
		{7190B548-4BE9-4EF6-B55F-8432757AEAD5}.Release|x64.Build.0 = Release|Any CPU
		{7190B548-4BE9-4EF6-B55F-8432757AEAD5}.Release|x86.ActiveCfg = Release|Any CPU
		{7190B548-4BE9-4EF6-B55F-8432757AEAD5}.Release|x86.Build.0 = Release|Any CPU
		{D5A7D3A7-E6E8-4153-911D-D7C0C5C8B19C}.Debug|Any CPU.ActiveCfg = Debug|Any CPU
		{D5A7D3A7-E6E8-4153-911D-D7C0C5C8B19C}.Debug|Any CPU.Build.0 = Debug|Any CPU
		{D5A7D3A7-E6E8-4153-911D-D7C0C5C8B19C}.Debug|x64.ActiveCfg = Debug|Any CPU
		{D5A7D3A7-E6E8-4153-911D-D7C0C5C8B19C}.Debug|x64.Build.0 = Debug|Any CPU
		{D5A7D3A7-E6E8-4153-911D-D7C0C5C8B19C}.Debug|x86.ActiveCfg = Debug|Any CPU
		{D5A7D3A7-E6E8-4153-911D-D7C0C5C8B19C}.Debug|x86.Build.0 = Debug|Any CPU
		{D5A7D3A7-E6E8-4153-911D-D7C0C5C8B19C}.Release|Any CPU.ActiveCfg = Release|Any CPU
		{D5A7D3A7-E6E8-4153-911D-D7C0C5C8B19C}.Release|Any CPU.Build.0 = Release|Any CPU
		{D5A7D3A7-E6E8-4153-911D-D7C0C5C8B19C}.Release|x64.ActiveCfg = Release|Any CPU
		{D5A7D3A7-E6E8-4153-911D-D7C0C5C8B19C}.Release|x64.Build.0 = Release|Any CPU
		{D5A7D3A7-E6E8-4153-911D-D7C0C5C8B19C}.Release|x86.ActiveCfg = Release|Any CPU
		{D5A7D3A7-E6E8-4153-911D-D7C0C5C8B19C}.Release|x86.Build.0 = Release|Any CPU
		{ED216AAD-CBA2-40F2-AA01-63C60E906632}.Debug|Any CPU.ActiveCfg = Debug|Any CPU
		{ED216AAD-CBA2-40F2-AA01-63C60E906632}.Debug|Any CPU.Build.0 = Debug|Any CPU
		{ED216AAD-CBA2-40F2-AA01-63C60E906632}.Debug|x64.ActiveCfg = Debug|Any CPU
		{ED216AAD-CBA2-40F2-AA01-63C60E906632}.Debug|x64.Build.0 = Debug|Any CPU
		{ED216AAD-CBA2-40F2-AA01-63C60E906632}.Debug|x86.ActiveCfg = Debug|Any CPU
		{ED216AAD-CBA2-40F2-AA01-63C60E906632}.Debug|x86.Build.0 = Debug|Any CPU
		{ED216AAD-CBA2-40F2-AA01-63C60E906632}.Release|Any CPU.ActiveCfg = Release|Any CPU
		{ED216AAD-CBA2-40F2-AA01-63C60E906632}.Release|Any CPU.Build.0 = Release|Any CPU
		{ED216AAD-CBA2-40F2-AA01-63C60E906632}.Release|x64.ActiveCfg = Release|Any CPU
		{ED216AAD-CBA2-40F2-AA01-63C60E906632}.Release|x64.Build.0 = Release|Any CPU
		{ED216AAD-CBA2-40F2-AA01-63C60E906632}.Release|x86.ActiveCfg = Release|Any CPU
		{ED216AAD-CBA2-40F2-AA01-63C60E906632}.Release|x86.Build.0 = Release|Any CPU
		{C57B07B3-B28F-4ABD-AFA9-F3D70B174100}.Debug|Any CPU.ActiveCfg = Debug|Any CPU
		{C57B07B3-B28F-4ABD-AFA9-F3D70B174100}.Debug|Any CPU.Build.0 = Debug|Any CPU
		{C57B07B3-B28F-4ABD-AFA9-F3D70B174100}.Debug|x64.ActiveCfg = Debug|Any CPU
		{C57B07B3-B28F-4ABD-AFA9-F3D70B174100}.Debug|x64.Build.0 = Debug|Any CPU
		{C57B07B3-B28F-4ABD-AFA9-F3D70B174100}.Debug|x86.ActiveCfg = Debug|Any CPU
		{C57B07B3-B28F-4ABD-AFA9-F3D70B174100}.Debug|x86.Build.0 = Debug|Any CPU
		{C57B07B3-B28F-4ABD-AFA9-F3D70B174100}.Release|Any CPU.ActiveCfg = Release|Any CPU
		{C57B07B3-B28F-4ABD-AFA9-F3D70B174100}.Release|Any CPU.Build.0 = Release|Any CPU
		{C57B07B3-B28F-4ABD-AFA9-F3D70B174100}.Release|x64.ActiveCfg = Release|Any CPU
		{C57B07B3-B28F-4ABD-AFA9-F3D70B174100}.Release|x64.Build.0 = Release|Any CPU
		{C57B07B3-B28F-4ABD-AFA9-F3D70B174100}.Release|x86.ActiveCfg = Release|Any CPU
		{C57B07B3-B28F-4ABD-AFA9-F3D70B174100}.Release|x86.Build.0 = Release|Any CPU
	EndGlobalSection
	GlobalSection(SolutionProperties) = preSolution
		HideSolutionNode = FALSE
	EndGlobalSection
	GlobalSection(NestedProjects) = preSolution
		{0D6304D1-911D-489E-A716-6CBD5D0FE05D} = {92201402-E361-440F-95DB-68663D228C2D}
		{F9DA9E52-2DDF-40E3-B0A4-4EC7B118FE8F} = {E609A83E-6400-42B0-AD5A-5B006EABC275}
		{0AFE156D-0DA5-4B23-8262-CA98E4C0FB5F} = {92201402-E361-440F-95DB-68663D228C2D}
		{C3B4FF9C-1C6A-4EA0-9291-E7E0C0EF2BA3} = {92201402-E361-440F-95DB-68663D228C2D}
		{EDFA1CB7-1721-4447-9C25-AE110821717C} = {92201402-E361-440F-95DB-68663D228C2D}
		{852B0DBD-37F0-4DC0-B966-C284AE03C2F5} = {94DB7354-F5C7-4347-B9EC-FCCA38B86876}
		{4D4D2AC7-923D-4219-9BC9-341FBA7FE690} = {92201402-E361-440F-95DB-68663D228C2D}
		{D5A7D3A7-E6E8-4153-911D-D7C0C5C8B19C} = {94DB7354-F5C7-4347-B9EC-FCCA38B86876}
		{ED216AAD-CBA2-40F2-AA01-63C60E906632} = {94DB7354-F5C7-4347-B9EC-FCCA38B86876}
	EndGlobalSection
	GlobalSection(ExtensibilityGlobals) = postSolution
		SolutionGuid = {A594F814-80A8-49D2-B751-B3A58869B30D}
	EndGlobalSection
EndGlobal
